
Microsoft Visual Studio Solution File, Format Version 12.00
# Visual Studio Version 17
VisualStudioVersion = 17.9.34728.123
MinimumVisualStudioVersion = 10.0.40219.1
Project("{FAE04EC0-301F-11D3-BF4B-00C04F79EFBC}") = "WpfChatServer", "WpfChatServer\WpfChatServer.csproj", "{9C5D562A-C671-4BCA-B075-6FBF5C3BB995}"
EndProject
Global
	GlobalSection(SolutionConfigurationPlatforms) = preSolution
		Debug|Any CPU = Debug|Any CPU
		Release|Any CPU = Release|Any CPU
	EndGlobalSection
	GlobalSection(ProjectConfigurationPlatforms) = postSolution
		{9C5D562A-C671-4BCA-B075-6FBF5C3BB995}.Debug|Any CPU.ActiveCfg = Debug|Any CPU
		{9C5D562A-C671-4BCA-B075-6FBF5C3BB995}.Debug|Any CPU.Build.0 = Debug|Any CPU
		{9C5D562A-C671-4BCA-B075-6FBF5C3BB995}.Release|Any CPU.ActiveCfg = Release|Any CPU
		{9C5D562A-C671-4BCA-B075-6FBF5C3BB995}.Release|Any CPU.Build.0 = Release|Any CPU
	EndGlobalSection
	GlobalSection(SolutionProperties) = preSolution
		HideSolutionNode = FALSE
	EndGlobalSection
	GlobalSection(ExtensibilityGlobals) = postSolution
		SolutionGuid = {BFD0B6F6-1CF3-4CE4-BEDA-8A4BA158F457}
	EndGlobalSection
EndGlobal
