
Microsoft Visual Studio Solution File, Format Version 12.00
# Visual Studio Version 17
VisualStudioVersion = 17.9.34728.123
MinimumVisualStudioVersion = 10.0.40219.1
Project("{FAE04EC0-301F-11D3-BF4B-00C04F79EFBC}") = "WPF_Tutorial", "WPF_Tutorial\WPF_Tutorial.csproj", "{5AEE3353-81E0-4EF8-A880-41CAA49A6744}"
EndProject
Global
	GlobalSection(SolutionConfigurationPlatforms) = preSolution
		Debug|Any CPU = Debug|Any CPU
		Release|Any CPU = Release|Any CPU
	EndGlobalSection
	GlobalSection(ProjectConfigurationPlatforms) = postSolution
		{5AEE3353-81E0-4EF8-A880-41CAA49A6744}.Debug|Any CPU.ActiveCfg = Debug|Any CPU
		{5AEE3353-81E0-4EF8-A880-41CAA49A6744}.Debug|Any CPU.Build.0 = Debug|Any CPU
		{5AEE3353-81E0-4EF8-A880-41CAA49A6744}.Release|Any CPU.ActiveCfg = Release|Any CPU
		{5AEE3353-81E0-4EF8-A880-41CAA49A6744}.Release|Any CPU.Build.0 = Release|Any CPU
	EndGlobalSection
	GlobalSection(SolutionProperties) = preSolution
		HideSolutionNode = FALSE
	EndGlobalSection
	GlobalSection(ExtensibilityGlobals) = postSolution
		SolutionGuid = {40101E9C-9113-431B-AC27-37D983012ABB}
	EndGlobalSection
EndGlobal
